
Microsoft Visual Studio Solution File, Format Version 12.00
# Visual Studio Version 17
VisualStudioVersion = 17.7.34221.43
MinimumVisualStudioVersion = 10.0.40219.1
Project("{2150E333-8FDC-42A3-9474-1A3956D46DE8}") = "src", "src", "{5B62DF7A-3C75-4073-A07B-2969869DFA9F}"
EndProject
Project("{2150E333-8FDC-42A3-9474-1A3956D46DE8}") = "Ui", "Ui", "{4D186B33-529E-4363-A510-12CEFB1FB9A1}"
EndProject
Project("{2150E333-8FDC-42A3-9474-1A3956D46DE8}") = "Core", "Core", "{D8F3DE71-CF9B-4B94-84F9-65E9348065BA}"
EndProject
Project("{9A19103F-16F7-4668-BE54-9A1E7A4F7556}") = "OsintSharp.Core", "src\Core\OsintSharp.Core\OsintSharp.Core.csproj", "{79F84EC2-00AB-42E3-A9D9-8BE78895123C}"
EndProject
Project("{2150E333-8FDC-42A3-9474-1A3956D46DE8}") = "Desktop", "Desktop", "{3A9B2558-71CD-4E48-80E3-C52527E62802}"
EndProject
Project("{9A19103F-16F7-4668-BE54-9A1E7A4F7556}") = "OsintSharp.Ui.Desktop", "src\Ui\Desktop\OsintSharp.Ui.Desktop\OsintSharp.Ui.Desktop.csproj", "{84B96625-F160-48CA-A89A-D989AB5916D9}"
EndProject
Project("{2150E333-8FDC-42A3-9474-1A3956D46DE8}") = "Cli", "Cli", "{AA53B6ED-1D55-4CD1-BABE-4C72C86CEF3C}"
EndProject
Project("{9A19103F-16F7-4668-BE54-9A1E7A4F7556}") = "OsintSharp.Ui.Cli", "src\Ui\Cli\OsintSharp.Ui.Cli\OsintSharp.Ui.Cli.csproj", "{64BC0F94-3ECC-466F-AB35-173F01BBC90E}"
EndProject
Project("{2150E333-8FDC-42A3-9474-1A3956D46DE8}") = "Resources", "Resources", "{279563A8-2194-462B-9B13-C7F79C2EA984}"
	ProjectSection(SolutionItems) = preProject
		src\Ui\Cli\OsintSharp.Ui.Cli\Resources\urls.json = src\Ui\Cli\OsintSharp.Ui.Cli\Resources\urls.json
	EndProjectSection
EndProject
Project("{9A19103F-16F7-4668-BE54-9A1E7A4F7556}") = "OsintSharp.Core.Json", "src\Core\Json\OsintSharp.Core.Json\OsintSharp.Core.Json.csproj", "{2E880CAE-61BD-4EA1-9A7D-F8F8CC5C0E7A}"
EndProject
Project("{2150E333-8FDC-42A3-9474-1A3956D46DE8}") = "Json", "Json", "{4A52AB44-4536-43CA-B015-21A2BB8EFFF7}"
EndProject
Project("{9A19103F-16F7-4668-BE54-9A1E7A4F7556}") = "OsintSharp.Core.Json.Tests", "src\Core\Json\Tests\OsintSharp.Infastructure.Json.Tests\OsintSharp.Core.Json.Tests.csproj", "{2543DBF0-740C-4739-A175-7A952DB69E19}"
EndProject
Project("{2150E333-8FDC-42A3-9474-1A3956D46DE8}") = "Tests", "Tests", "{43A3C5CB-F5C6-46F1-945C-F874BBFC194B}"
EndProject
Project("{9A19103F-16F7-4668-BE54-9A1E7A4F7556}") = "OsintSharp.Core.Tests", "src\Core\OsintSharp.Core.Tests\OsintSharp.Core.Tests.csproj", "{003E74CA-5F3A-45F2-AC6B-D49D4EBD4BC6}"
EndProject
Project("{FAE04EC0-301F-11D3-BF4B-00C04F79EFBC}") = "OsintSharp.Ui.Cli.ArgsParser", "src\Ui\Cli\OsintSharp.Ui.Cli.ArgsParser\OsintSharp.Ui.Cli.ArgsParser.csproj", "{630EE27E-24EC-4264-87E2-77385D110B0F}"
EndProject
Global
	GlobalSection(SolutionConfigurationPlatforms) = preSolution
		Debug|Any CPU = Debug|Any CPU
		Release|Any CPU = Release|Any CPU
	EndGlobalSection
	GlobalSection(ProjectConfigurationPlatforms) = postSolution
		{79F84EC2-00AB-42E3-A9D9-8BE78895123C}.Debug|Any CPU.ActiveCfg = Debug|Any CPU
		{79F84EC2-00AB-42E3-A9D9-8BE78895123C}.Debug|Any CPU.Build.0 = Debug|Any CPU
		{79F84EC2-00AB-42E3-A9D9-8BE78895123C}.Release|Any CPU.ActiveCfg = Release|Any CPU
		{79F84EC2-00AB-42E3-A9D9-8BE78895123C}.Release|Any CPU.Build.0 = Release|Any CPU
		{84B96625-F160-48CA-A89A-D989AB5916D9}.Debug|Any CPU.ActiveCfg = Debug|Any CPU
		{84B96625-F160-48CA-A89A-D989AB5916D9}.Debug|Any CPU.Build.0 = Debug|Any CPU
		{84B96625-F160-48CA-A89A-D989AB5916D9}.Release|Any CPU.ActiveCfg = Release|Any CPU
		{84B96625-F160-48CA-A89A-D989AB5916D9}.Release|Any CPU.Build.0 = Release|Any CPU
		{64BC0F94-3ECC-466F-AB35-173F01BBC90E}.Debug|Any CPU.ActiveCfg = Debug|Any CPU
		{64BC0F94-3ECC-466F-AB35-173F01BBC90E}.Debug|Any CPU.Build.0 = Debug|Any CPU
		{64BC0F94-3ECC-466F-AB35-173F01BBC90E}.Release|Any CPU.ActiveCfg = Release|Any CPU
		{64BC0F94-3ECC-466F-AB35-173F01BBC90E}.Release|Any CPU.Build.0 = Release|Any CPU
		{2E880CAE-61BD-4EA1-9A7D-F8F8CC5C0E7A}.Debug|Any CPU.ActiveCfg = Debug|Any CPU
		{2E880CAE-61BD-4EA1-9A7D-F8F8CC5C0E7A}.Debug|Any CPU.Build.0 = Debug|Any CPU
		{2E880CAE-61BD-4EA1-9A7D-F8F8CC5C0E7A}.Release|Any CPU.ActiveCfg = Release|Any CPU
		{2E880CAE-61BD-4EA1-9A7D-F8F8CC5C0E7A}.Release|Any CPU.Build.0 = Release|Any CPU
		{2543DBF0-740C-4739-A175-7A952DB69E19}.Debug|Any CPU.ActiveCfg = Debug|Any CPU
		{2543DBF0-740C-4739-A175-7A952DB69E19}.Debug|Any CPU.Build.0 = Debug|Any CPU
		{2543DBF0-740C-4739-A175-7A952DB69E19}.Release|Any CPU.ActiveCfg = Release|Any CPU
		{2543DBF0-740C-4739-A175-7A952DB69E19}.Release|Any CPU.Build.0 = Release|Any CPU
		{003E74CA-5F3A-45F2-AC6B-D49D4EBD4BC6}.Debug|Any CPU.ActiveCfg = Debug|Any CPU
		{003E74CA-5F3A-45F2-AC6B-D49D4EBD4BC6}.Debug|Any CPU.Build.0 = Debug|Any CPU
		{003E74CA-5F3A-45F2-AC6B-D49D4EBD4BC6}.Release|Any CPU.ActiveCfg = Release|Any CPU
		{003E74CA-5F3A-45F2-AC6B-D49D4EBD4BC6}.Release|Any CPU.Build.0 = Release|Any CPU
		{630EE27E-24EC-4264-87E2-77385D110B0F}.Debug|Any CPU.ActiveCfg = Debug|Any CPU
		{630EE27E-24EC-4264-87E2-77385D110B0F}.Debug|Any CPU.Build.0 = Debug|Any CPU
		{630EE27E-24EC-4264-87E2-77385D110B0F}.Release|Any CPU.ActiveCfg = Release|Any CPU
		{630EE27E-24EC-4264-87E2-77385D110B0F}.Release|Any CPU.Build.0 = Release|Any CPU
	EndGlobalSection
	GlobalSection(SolutionProperties) = preSolution
		HideSolutionNode = FALSE
	EndGlobalSection
	GlobalSection(NestedProjects) = preSolution
		{4D186B33-529E-4363-A510-12CEFB1FB9A1} = {5B62DF7A-3C75-4073-A07B-2969869DFA9F}
		{D8F3DE71-CF9B-4B94-84F9-65E9348065BA} = {5B62DF7A-3C75-4073-A07B-2969869DFA9F}
		{79F84EC2-00AB-42E3-A9D9-8BE78895123C} = {D8F3DE71-CF9B-4B94-84F9-65E9348065BA}
		{3A9B2558-71CD-4E48-80E3-C52527E62802} = {4D186B33-529E-4363-A510-12CEFB1FB9A1}
		{84B96625-F160-48CA-A89A-D989AB5916D9} = {3A9B2558-71CD-4E48-80E3-C52527E62802}
		{AA53B6ED-1D55-4CD1-BABE-4C72C86CEF3C} = {4D186B33-529E-4363-A510-12CEFB1FB9A1}
		{64BC0F94-3ECC-466F-AB35-173F01BBC90E} = {AA53B6ED-1D55-4CD1-BABE-4C72C86CEF3C}
		{279563A8-2194-462B-9B13-C7F79C2EA984} = {4D186B33-529E-4363-A510-12CEFB1FB9A1}
		{2E880CAE-61BD-4EA1-9A7D-F8F8CC5C0E7A} = {4A52AB44-4536-43CA-B015-21A2BB8EFFF7}
		{4A52AB44-4536-43CA-B015-21A2BB8EFFF7} = {D8F3DE71-CF9B-4B94-84F9-65E9348065BA}
		{2543DBF0-740C-4739-A175-7A952DB69E19} = {43A3C5CB-F5C6-46F1-945C-F874BBFC194B}
		{43A3C5CB-F5C6-46F1-945C-F874BBFC194B} = {4A52AB44-4536-43CA-B015-21A2BB8EFFF7}
		{003E74CA-5F3A-45F2-AC6B-D49D4EBD4BC6} = {D8F3DE71-CF9B-4B94-84F9-65E9348065BA}
		{630EE27E-24EC-4264-87E2-77385D110B0F} = {AA53B6ED-1D55-4CD1-BABE-4C72C86CEF3C}
	EndGlobalSection
	GlobalSection(ExtensibilityGlobals) = postSolution
		SolutionGuid = {19AE25AC-96F8-4052-8C98-7AE772E51807}
	EndGlobalSection
EndGlobal
